
Microsoft Visual Studio Solution File, Format Version 12.00
Project("{2150E333-8FDC-42A3-9474-1A3956D46DE8}") = "Microservices", "Microservices", "{C133C2A8-592E-4EB9-95F0-4070D2BCAEDB}"
EndProject
Project("{2150E333-8FDC-42A3-9474-1A3956D46DE8}") = "Domain", "Domain", "{310E4B80-C4FA-43D2-880A-98A9E134E177}"
EndProject
Project("{2150E333-8FDC-42A3-9474-1A3956D46DE8}") = "Infra.Bus", "Infra.Bus", "{EE7C2FC3-3E58-4CC2-86F0-A0E8B741ED1A}"
EndProject
Project("{2150E333-8FDC-42A3-9474-1A3956D46DE8}") = "Infra.IoC", "Infra.IoC", "{9B1FCDE4-8666-46D4-86BE-76B3A58DFB70}"
EndProject
Project("{2150E333-8FDC-42A3-9474-1A3956D46DE8}") = "Presentation", "Presentation", "{C297D12B-455F-48AA-9352-A34FFECE0E52}"
EndProject
Project("{FAE04EC0-301F-11D3-BF4B-00C04F79EFBC}") = "MicroRabbit.Domain.Core", "MicroRabbit.Domain.Core\MicroRabbit.Domain.Core.csproj", "{F75C3926-772E-457B-8233-50BC8D48F9ED}"
EndProject
Project("{FAE04EC0-301F-11D3-BF4B-00C04F79EFBC}") = "MicroRabbit.Infra.Bus", "MicroRabbit.Infra.Bus\MicroRabbit.Infra.Bus.csproj", "{5C960CE7-7B44-4228-88BB-C1BDE75980D5}"
EndProject
Project("{FAE04EC0-301F-11D3-BF4B-00C04F79EFBC}") = "MicroRabbit.Infra.IoC", "MicroRabbit.Infra.IoC\MicroRabbit.Infra.IoC.csproj", "{45E7F9B7-7EDC-47D3-970E-6905B8E9FBC1}"
EndProject
Project("{2150E333-8FDC-42A3-9474-1A3956D46DE8}") = "Banking", "Banking", "{ECCB2265-9A22-4738-AB5A-E50AB8BAB7A3}"
EndProject
Project("{2150E333-8FDC-42A3-9474-1A3956D46DE8}") = "Api", "Api", "{E6F4DC4B-EE86-4C97-A106-7AB101D7159F}"
EndProject
Project("{2150E333-8FDC-42A3-9474-1A3956D46DE8}") = "Domain", "Domain", "{BA120BF6-47D8-49B1-AE4D-277891334ECF}"
EndProject
Project("{2150E333-8FDC-42A3-9474-1A3956D46DE8}") = "Application", "Application", "{A7BF9D30-D88A-4CA7-8120-6CF74AF80227}"
EndProject
Project("{2150E333-8FDC-42A3-9474-1A3956D46DE8}") = "Data", "Data", "{01F61D4D-9673-48DC-844A-1B625E871982}"
EndProject
Project("{FAE04EC0-301F-11D3-BF4B-00C04F79EFBC}") = "MicroRabbit.Banking.Api", "MicroRabbit.Banking.Api\MicroRabbit.Banking.Api.csproj", "{D6DFAFA9-91C1-44E8-B4D8-906DB097DFE2}"
EndProject
Project("{FAE04EC0-301F-11D3-BF4B-00C04F79EFBC}") = "MicroRabbit.Banking.Application", "MicroRabbit.Banking.Application\MicroRabbit.Banking.Application.csproj", "{414DF7F9-3D79-40A0-B653-4355790C976B}"
EndProject
Project("{FAE04EC0-301F-11D3-BF4B-00C04F79EFBC}") = "MicroRabbit.Banking.Data", "MicroRabbit.Banking.Data\MicroRabbit.Banking.Data.csproj", "{1ECBF942-439A-4FCF-B12A-96DD621D3BBC}"
EndProject
Project("{FAE04EC0-301F-11D3-BF4B-00C04F79EFBC}") = "MicroRabbit.Banking.Domain", "MicroRabbit.Banking.Domain\MicroRabbit.Banking.Domain.csproj", "{E2F5EA18-258B-40DB-B120-AE3236124679}"
EndProject
Global
	GlobalSection(SolutionConfigurationPlatforms) = preSolution
		Debug|Any CPU = Debug|Any CPU
		Release|Any CPU = Release|Any CPU
	EndGlobalSection
	GlobalSection(NestedProjects) = preSolution
		{F75C3926-772E-457B-8233-50BC8D48F9ED} = {310E4B80-C4FA-43D2-880A-98A9E134E177}
		{5C960CE7-7B44-4228-88BB-C1BDE75980D5} = {EE7C2FC3-3E58-4CC2-86F0-A0E8B741ED1A}
		{45E7F9B7-7EDC-47D3-970E-6905B8E9FBC1} = {9B1FCDE4-8666-46D4-86BE-76B3A58DFB70}
		{ECCB2265-9A22-4738-AB5A-E50AB8BAB7A3} = {C133C2A8-592E-4EB9-95F0-4070D2BCAEDB}
		{E6F4DC4B-EE86-4C97-A106-7AB101D7159F} = {ECCB2265-9A22-4738-AB5A-E50AB8BAB7A3}
		{BA120BF6-47D8-49B1-AE4D-277891334ECF} = {ECCB2265-9A22-4738-AB5A-E50AB8BAB7A3}
		{A7BF9D30-D88A-4CA7-8120-6CF74AF80227} = {ECCB2265-9A22-4738-AB5A-E50AB8BAB7A3}
		{01F61D4D-9673-48DC-844A-1B625E871982} = {ECCB2265-9A22-4738-AB5A-E50AB8BAB7A3}
		{D6DFAFA9-91C1-44E8-B4D8-906DB097DFE2} = {E6F4DC4B-EE86-4C97-A106-7AB101D7159F}
		{414DF7F9-3D79-40A0-B653-4355790C976B} = {A7BF9D30-D88A-4CA7-8120-6CF74AF80227}
		{1ECBF942-439A-4FCF-B12A-96DD621D3BBC} = {01F61D4D-9673-48DC-844A-1B625E871982}
		{E2F5EA18-258B-40DB-B120-AE3236124679} = {BA120BF6-47D8-49B1-AE4D-277891334ECF}
	EndGlobalSection
	GlobalSection(ProjectConfigurationPlatforms) = postSolution
		{F75C3926-772E-457B-8233-50BC8D48F9ED}.Debug|Any CPU.ActiveCfg = Debug|Any CPU
		{F75C3926-772E-457B-8233-50BC8D48F9ED}.Debug|Any CPU.Build.0 = Debug|Any CPU
		{F75C3926-772E-457B-8233-50BC8D48F9ED}.Release|Any CPU.ActiveCfg = Release|Any CPU
		{F75C3926-772E-457B-8233-50BC8D48F9ED}.Release|Any CPU.Build.0 = Release|Any CPU
		{5C960CE7-7B44-4228-88BB-C1BDE75980D5}.Debug|Any CPU.ActiveCfg = Debug|Any CPU
		{5C960CE7-7B44-4228-88BB-C1BDE75980D5}.Debug|Any CPU.Build.0 = Debug|Any CPU
		{5C960CE7-7B44-4228-88BB-C1BDE75980D5}.Release|Any CPU.ActiveCfg = Release|Any CPU
		{5C960CE7-7B44-4228-88BB-C1BDE75980D5}.Release|Any CPU.Build.0 = Release|Any CPU
		{45E7F9B7-7EDC-47D3-970E-6905B8E9FBC1}.Debug|Any CPU.ActiveCfg = Debug|Any CPU
		{45E7F9B7-7EDC-47D3-970E-6905B8E9FBC1}.Debug|Any CPU.Build.0 = Debug|Any CPU
		{45E7F9B7-7EDC-47D3-970E-6905B8E9FBC1}.Release|Any CPU.ActiveCfg = Release|Any CPU
		{45E7F9B7-7EDC-47D3-970E-6905B8E9FBC1}.Release|Any CPU.Build.0 = Release|Any CPU
		{D6DFAFA9-91C1-44E8-B4D8-906DB097DFE2}.Debug|Any CPU.ActiveCfg = Debug|Any CPU
		{D6DFAFA9-91C1-44E8-B4D8-906DB097DFE2}.Debug|Any CPU.Build.0 = Debug|Any CPU
		{D6DFAFA9-91C1-44E8-B4D8-906DB097DFE2}.Release|Any CPU.ActiveCfg = Release|Any CPU
		{D6DFAFA9-91C1-44E8-B4D8-906DB097DFE2}.Release|Any CPU.Build.0 = Release|Any CPU
		{414DF7F9-3D79-40A0-B653-4355790C976B}.Debug|Any CPU.ActiveCfg = Debug|Any CPU
		{414DF7F9-3D79-40A0-B653-4355790C976B}.Debug|Any CPU.Build.0 = Debug|Any CPU
		{414DF7F9-3D79-40A0-B653-4355790C976B}.Release|Any CPU.ActiveCfg = Release|Any CPU
		{414DF7F9-3D79-40A0-B653-4355790C976B}.Release|Any CPU.Build.0 = Release|Any CPU
		{1ECBF942-439A-4FCF-B12A-96DD621D3BBC}.Debug|Any CPU.ActiveCfg = Debug|Any CPU
		{1ECBF942-439A-4FCF-B12A-96DD621D3BBC}.Debug|Any CPU.Build.0 = Debug|Any CPU
		{1ECBF942-439A-4FCF-B12A-96DD621D3BBC}.Release|Any CPU.ActiveCfg = Release|Any CPU
		{1ECBF942-439A-4FCF-B12A-96DD621D3BBC}.Release|Any CPU.Build.0 = Release|Any CPU
		{E2F5EA18-258B-40DB-B120-AE3236124679}.Debug|Any CPU.ActiveCfg = Debug|Any CPU
		{E2F5EA18-258B-40DB-B120-AE3236124679}.Debug|Any CPU.Build.0 = Debug|Any CPU
		{E2F5EA18-258B-40DB-B120-AE3236124679}.Release|Any CPU.ActiveCfg = Release|Any CPU
		{E2F5EA18-258B-40DB-B120-AE3236124679}.Release|Any CPU.Build.0 = Release|Any CPU
	EndGlobalSection
EndGlobal
